
Microsoft Visual Studio Solution File, Format Version 12.00
# Visual Studio 15
VisualStudioVersion = 15.0.28307.960
MinimumVisualStudioVersion = 10.0.40219.1
Project("{FAE04EC0-301F-11D3-BF4B-00C04F79EFBC}") = "kyr", "kyr\kyr.csproj", "{481C8771-2127-4E37-9E60-803733CA82D5}"
EndProject
Global
	GlobalSection(SolutionConfigurationPlatforms) = preSolution
		Debug|Any CPU = Debug|Any CPU
		Release|Any CPU = Release|Any CPU
	EndGlobalSection
	GlobalSection(ProjectConfigurationPlatforms) = postSolution
		{481C8771-2127-4E37-9E60-803733CA82D5}.Debug|Any CPU.ActiveCfg = Debug|Any CPU
		{481C8771-2127-4E37-9E60-803733CA82D5}.Debug|Any CPU.Build.0 = Debug|Any CPU
		{481C8771-2127-4E37-9E60-803733CA82D5}.Release|Any CPU.ActiveCfg = Release|Any CPU
		{481C8771-2127-4E37-9E60-803733CA82D5}.Release|Any CPU.Build.0 = Release|Any CPU
	EndGlobalSection
	GlobalSection(SolutionProperties) = preSolution
		HideSolutionNode = FALSE
	EndGlobalSection
	GlobalSection(ExtensibilityGlobals) = postSolution
		SolutionGuid = {A046EF2B-E5BB-4723-A2F8-ED743F59F0BC}
	EndGlobalSection
EndGlobal
